{
  "pins" : [
    {
      "identity" : "avvpnservice",
      "kind" : "remoteSourceControl",
      "location" : "https://github.com/AndreVasilev/AVVPNService.git",
      "state" : {
        "revision" : "2e3e86b0649ac6624e7d7b829fd2d88c29d75dff",
        "version" : "0.1.4"
      }
    }
  ],
  "version" : 2
}
